
Microsoft Visual Studio Solution File, Format Version 12.00
# Visual Studio Version 17
VisualStudioVersion = 17.10.34916.146
MinimumVisualStudioVersion = 10.0.40219.1
Project("{FAE04EC0-301F-11D3-BF4B-00C04F79EFBC}") = "Task2", "Task2.csproj", "{BD3CB8E5-E502-45C9-82E4-01189BDA43E7}"
EndProject
Global
	GlobalSection(SolutionConfigurationPlatforms) = preSolution
		Debug|Any CPU = Debug|Any CPU
		Release|Any CPU = Release|Any CPU
	EndGlobalSection
	GlobalSection(ProjectConfigurationPlatforms) = postSolution
		{BD3CB8E5-E502-45C9-82E4-01189BDA43E7}.Debug|Any CPU.ActiveCfg = Debug|Any CPU
		{BD3CB8E5-E502-45C9-82E4-01189BDA43E7}.Debug|Any CPU.Build.0 = Debug|Any CPU
		{BD3CB8E5-E502-45C9-82E4-01189BDA43E7}.Release|Any CPU.ActiveCfg = Release|Any CPU
		{BD3CB8E5-E502-45C9-82E4-01189BDA43E7}.Release|Any CPU.Build.0 = Release|Any CPU
	EndGlobalSection
	GlobalSection(SolutionProperties) = preSolution
		HideSolutionNode = FALSE
	EndGlobalSection
	GlobalSection(ExtensibilityGlobals) = postSolution
		SolutionGuid = {E40584D6-1B8B-492C-A398-3B8CA58EB5A6}
	EndGlobalSection
EndGlobal
